
Microsoft Visual Studio Solution File, Format Version 11.00
# Visual Studio 2010
Project("{FAE04EC0-301F-11D3-BF4B-00C04F79EFBC}") = "Unity-Stereostopic", "Assembly-CSharp.csproj", "{30FBC35B-098C-DEFA-E2E2-8740B491CA25}"
EndProject
Project("{FAE04EC0-301F-11D3-BF4B-00C04F79EFBC}") = "Unity-Stereostopic", "Assembly-CSharp-Editor.csproj", "{907D0B5C-867B-BB15-C352-436DB967A492}"
EndProject
Global
	GlobalSection(SolutionConfigurationPlatforms) = preSolution
		Debug|Any CPU = Debug|Any CPU
		Release|Any CPU = Release|Any CPU
	EndGlobalSection
	GlobalSection(ProjectConfigurationPlatforms) = postSolution
		{30FBC35B-098C-DEFA-E2E2-8740B491CA25}.Debug|Any CPU.ActiveCfg = Debug|Any CPU
		{30FBC35B-098C-DEFA-E2E2-8740B491CA25}.Debug|Any CPU.Build.0 = Debug|Any CPU
		{30FBC35B-098C-DEFA-E2E2-8740B491CA25}.Release|Any CPU.ActiveCfg = Release|Any CPU
		{30FBC35B-098C-DEFA-E2E2-8740B491CA25}.Release|Any CPU.Build.0 = Release|Any CPU
		{907D0B5C-867B-BB15-C352-436DB967A492}.Debug|Any CPU.ActiveCfg = Debug|Any CPU
		{907D0B5C-867B-BB15-C352-436DB967A492}.Debug|Any CPU.Build.0 = Debug|Any CPU
		{907D0B5C-867B-BB15-C352-436DB967A492}.Release|Any CPU.ActiveCfg = Release|Any CPU
		{907D0B5C-867B-BB15-C352-436DB967A492}.Release|Any CPU.Build.0 = Release|Any CPU
	EndGlobalSection
	GlobalSection(SolutionProperties) = preSolution
		HideSolutionNode = FALSE
	EndGlobalSection
	GlobalSection(MonoDevelopProperties) = preSolution
		StartupItem = Assembly-CSharp.csproj
	EndGlobalSection
EndGlobal
